// !$*UTF8*$!
{
	archiveVersion = 1;
	classes = {
	};
	objectVersion = 46;
	objects = {

/* Begin PBXBuildFile section */
		881F32921AD82D0300E16D5C /* main.m in Sources */ = {isa = PBXBuildFile; fileRef = 881F32911AD82D0300E16D5C /* main.m */; };
		881F32951AD82D0300E16D5C /* AppDelegate.m in Sources */ = {isa = PBXBuildFile; fileRef = 881F32941AD82D0300E16D5C /* AppDelegate.m */; };
		881F32981AD82D0300E16D5C /* TMDB.xcdatamodeld in Sources */ = {isa = PBXBuildFile; fileRef = 881F32961AD82D0300E16D5C /* TMDB.xcdatamodeld */; };
		881F329B1AD82D0300E16D5C /* ViewController.m in Sources */ = {isa = PBXBuildFile; fileRef = 881F329A1AD82D0300E16D5C /* ViewController.m */; };
		881F329E1AD82D0300E16D5C /* Main.storyboard in Resources */ = {isa = PBXBuildFile; fileRef = 881F329C1AD82D0300E16D5C /* Main.storyboard */; };
		881F32A01AD82D0300E16D5C /* Images.xcassets in Resources */ = {isa = PBXBuildFile; fileRef = 881F329F1AD82D0300E16D5C /* Images.xcassets */; };
		881F32A31AD82D0300E16D5C /* LaunchScreen.xib in Resources */ = {isa = PBXBuildFile; fileRef = 881F32A11AD82D0300E16D5C /* LaunchScreen.xib */; };
		881F32AF1AD82D0300E16D5C /* TMDBTests.m in Sources */ = {isa = PBXBuildFile; fileRef = 881F32AE1AD82D0300E16D5C /* TMDBTests.m */; };
		8870028A1AD86CA8001F2BA2 /* Podfile in Resources */ = {isa = PBXBuildFile; fileRef = 887002891AD86CA8001F2BA2 /* Podfile */; };
		EC1E065B37C7BB8CCC4AAC81 /* libPods-TMDB.a in Frameworks */ = {isa = PBXBuildFile; fileRef = 290A98E9678968331ACBF67B /* libPods-TMDB.a */; };
/* End PBXBuildFile section */

/* Begin PBXContainerItemProxy section */
		881F32A91AD82D0300E16D5C /* PBXContainerItemProxy */ = {
			isa = PBXContainerItemProxy;
			containerPortal = 881F32841AD82D0300E16D5C /* Project object */;
			proxyType = 1;
			remoteGlobalIDString = 881F328B1AD82D0300E16D5C;
			remoteInfo = TMDB;
		};
/* End PBXContainerItemProxy section */

/* Begin PBXFileReference section */
		1D41E68DF8987B92398DDCCE /* Pods-TMDB.debug.xcconfig */ = {isa = PBXFileReference; includeInIndex = 1; lastKnownFileType = text.xcconfig; name = "Pods-TMDB.debug.xcconfig"; path = "Pods/Target Support Files/Pods-TMDB/Pods-TMDB.debug.xcconfig"; sourceTree = "<group>"; };
		290A98E9678968331ACBF67B /* libPods-TMDB.a */ = {isa = PBXFileReference; explicitFileType = archive.ar; includeInIndex = 0; path = "libPods-TMDB.a"; sourceTree = BUILT_PRODUCTS_DIR; };
		3524AF8C707DACDD30CCC86E /* Pods-TMDB.release.xcconfig */ = {isa = PBXFileReference; includeInIndex = 1; lastKnownFileType = text.xcconfig; name = "Pods-TMDB.release.xcconfig"; path = "Pods/Target Support Files/Pods-TMDB/Pods-TMDB.release.xcconfig"; sourceTree = "<group>"; };
		881F328C1AD82D0300E16D5C /* TMDB.app */ = {isa = PBXFileReference; explicitFileType = wrapper.application; includeInIndex = 0; path = TMDB.app; sourceTree = BUILT_PRODUCTS_DIR; };
		881F32901AD82D0300E16D5C /* Info.plist */ = {isa = PBXFileReference; lastKnownFileType = text.plist.xml; path = Info.plist; sourceTree = "<group>"; };
		881F32911AD82D0300E16D5C /* main.m */ = {isa = PBXFileReference; lastKnownFileType = sourcecode.c.objc; path = main.m; sourceTree = "<group>"; };
		881F32931AD82D0300E16D5C /* AppDelegate.h */ = {isa = PBXFileReference; lastKnownFileType = sourcecode.c.h; path = AppDelegate.h; sourceTree = "<group>"; };
		881F32941AD82D0300E16D5C /* AppDelegate.m */ = {isa = PBXFileReference; lastKnownFileType = sourcecode.c.objc; path = AppDelegate.m; sourceTree = "<group>"; };
		881F32971AD82D0300E16D5C /* TMDB.xcdatamodel */ = {isa = PBXFileReference; lastKnownFileType = wrapper.xcdatamodel; path = TMDB.xcdatamodel; sourceTree = "<group>"; };
		881F32991AD82D0300E16D5C /* ViewController.h */ = {isa = PBXFileReference; lastKnownFileType = sourcecode.c.h; path = ViewController.h; sourceTree = "<group>"; };
		881F329A1AD82D0300E16D5C /* ViewController.m */ = {isa = PBXFileReference; lastKnownFileType = sourcecode.c.objc; path = ViewController.m; sourceTree = "<group>"; };
		881F329D1AD82D0300E16D5C /* Base */ = {isa = PBXFileReference; lastKnownFileType = file.storyboard; name = Base; path = Base.lproj/Main.storyboard; sourceTree = "<group>"; };
		881F329F1AD82D0300E16D5C /* Images.xcassets */ = {isa = PBXFileReference; lastKnownFileType = folder.assetcatalog; path = Images.xcassets; sourceTree = "<group>"; };
		881F32A21AD82D0300E16D5C /* Base */ = {isa = PBXFileReference; lastKnownFileType = file.xib; name = Base; path = Base.lproj/LaunchScreen.xib; sourceTree = "<group>"; };
		881F32A81AD82D0300E16D5C /* TMDBTests.xctest */ = {isa = PBXFileReference; explicitFileType = wrapper.cfbundle; includeInIndex = 0; path = TMDBTests.xctest; sourceTree = BUILT_PRODUCTS_DIR; };
		881F32AD1AD82D0300E16D5C /* Info.plist */ = {isa = PBXFileReference; lastKnownFileType = text.plist.xml; path = Info.plist; sourceTree = "<group>"; };
		881F32AE1AD82D0300E16D5C /* TMDBTests.m */ = {isa = PBXFileReference; lastKnownFileType = sourcecode.c.objc; path = TMDBTests.m; sourceTree = "<group>"; };
		887002891AD86CA8001F2BA2 /* Podfile */ = {isa = PBXFileReference; fileEncoding = 4; lastKnownFileType = text; path = Podfile; sourceTree = SOURCE_ROOT; };
/* End PBXFileReference section */

/* Begin PBXFrameworksBuildPhase section */
		881F32891AD82D0300E16D5C /* Frameworks */ = {
			isa = PBXFrameworksBuildPhase;
			buildActionMask = 2147483647;
			files = (
				EC1E065B37C7BB8CCC4AAC81 /* libPods-TMDB.a in Frameworks */,
			);
			runOnlyForDeploymentPostprocessing = 0;
		};
		881F32A51AD82D0300E16D5C /* Frameworks */ = {
			isa = PBXFrameworksBuildPhase;
			buildActionMask = 2147483647;
			files = (
			);
			runOnlyForDeploymentPostprocessing = 0;
		};
/* End PBXFrameworksBuildPhase section */

/* Begin PBXGroup section */
		0CD58EE0A52145680BA8F4D7 /* Pods */ = {
			isa = PBXGroup;
			children = (
				1D41E68DF8987B92398DDCCE /* Pods-TMDB.debug.xcconfig */,
				3524AF8C707DACDD30CCC86E /* Pods-TMDB.release.xcconfig */,
			);
			name = Pods;
			sourceTree = "<group>";
		};
		295D3B366CC3AE37425BA660 /* Frameworks */ = {
			isa = PBXGroup;
			children = (
				290A98E9678968331ACBF67B /* libPods-TMDB.a */,
			);
			name = Frameworks;
			sourceTree = "<group>";
		};
		881F32831AD82D0300E16D5C = {
			isa = PBXGroup;
			children = (
				881F328E1AD82D0300E16D5C /* TMDB */,
				881F32AB1AD82D0300E16D5C /* TMDBTests */,
				881F328D1AD82D0300E16D5C /* Products */,
				0CD58EE0A52145680BA8F4D7 /* Pods */,
				295D3B366CC3AE37425BA660 /* Frameworks */,
			);
			sourceTree = "<group>";
		};
		881F328D1AD82D0300E16D5C /* Products */ = {
			isa = PBXGroup;
			children = (
				881F328C1AD82D0300E16D5C /* TMDB.app */,
				881F32A81AD82D0300E16D5C /* TMDBTests.xctest */,
			);
			name = Products;
			sourceTree = "<group>";
		};
		881F328E1AD82D0300E16D5C /* TMDB */ = {
			isa = PBXGroup;
			children = (
				881F32931AD82D0300E16D5C /* AppDelegate.h */,
				881F32941AD82D0300E16D5C /* AppDelegate.m */,
				881F32991AD82D0300E16D5C /* ViewController.h */,
				881F329A1AD82D0300E16D5C /* ViewController.m */,
				881F329C1AD82D0300E16D5C /* Main.storyboard */,
				881F329F1AD82D0300E16D5C /* Images.xcassets */,
				881F32A11AD82D0300E16D5C /* LaunchScreen.xib */,
				881F32961AD82D0300E16D5C /* TMDB.xcdatamodeld */,
				881F328F1AD82D0300E16D5C /* Supporting Files */,
			);
			path = TMDB;
			sourceTree = "<group>";
		};
		881F328F1AD82D0300E16D5C /* Supporting Files */ = {
			isa = PBXGroup;
			children = (
				887002891AD86CA8001F2BA2 /* Podfile */,
				881F32901AD82D0300E16D5C /* Info.plist */,
				881F32911AD82D0300E16D5C /* main.m */,
			);
			name = "Supporting Files";
			sourceTree = "<group>";
		};
		881F32AB1AD82D0300E16D5C /* TMDBTests */ = {
			isa = PBXGroup;
			children = (
				881F32AE1AD82D0300E16D5C /* TMDBTests.m */,
				881F32AC1AD82D0300E16D5C /* Supporting Files */,
			);
			path = TMDBTests;
			sourceTree = "<group>";
		};
		881F32AC1AD82D0300E16D5C /* Supporting Files */ = {
			isa = PBXGroup;
			children = (
				881F32AD1AD82D0300E16D5C /* Info.plist */,
			);
			name = "Supporting Files";
			sourceTree = "<group>";
		};
/* End PBXGroup section */

/* Begin PBXNativeTarget section */
		881F328B1AD82D0300E16D5C /* TMDB */ = {
			isa = PBXNativeTarget;
			buildConfigurationList = 881F32B21AD82D0300E16D5C /* Build configuration list for PBXNativeTarget "TMDB" */;
			buildPhases = (
				EF2AC57311B7AE090AEA670B /* Check Pods Manifest.lock */,
				881F32881AD82D0300E16D5C /* Sources */,
				881F32891AD82D0300E16D5C /* Frameworks */,
				881F328A1AD82D0300E16D5C /* Resources */,
				AE9394C0323347F27CA22D12 /* Copy Pods Resources */,
			);
			buildRules = (
			);
			dependencies = (
			);
			name = TMDB;
			productName = TMDB;
			productReference = 881F328C1AD82D0300E16D5C /* TMDB.app */;
			productType = "com.apple.product-type.application";
		};
		881F32A71AD82D0300E16D5C /* TMDBTests */ = {
			isa = PBXNativeTarget;
			buildConfigurationList = 881F32B51AD82D0300E16D5C /* Build configuration list for PBXNativeTarget "TMDBTests" */;
			buildPhases = (
				881F32A41AD82D0300E16D5C /* Sources */,
				881F32A51AD82D0300E16D5C /* Frameworks */,
				881F32A61AD82D0300E16D5C /* Resources */,
			);
			buildRules = (
			);
			dependencies = (
				881F32AA1AD82D0300E16D5C /* PBXTargetDependency */,
			);
			name = TMDBTests;
			productName = TMDBTests;
			productReference = 881F32A81AD82D0300E16D5C /* TMDBTests.xctest */;
			productType = "com.apple.product-type.bundle.unit-test";
		};
/* End PBXNativeTarget section */

/* Begin PBXProject section */
		881F32841AD82D0300E16D5C /* Project object */ = {
			isa = PBXProject;
			attributes = {
				LastUpgradeCheck = 0620;
				ORGANIZATIONNAME = "Juan Carrera";
				TargetAttributes = {
					881F328B1AD82D0300E16D5C = {
						CreatedOnToolsVersion = 6.2;
					};
					881F32A71AD82D0300E16D5C = {
						CreatedOnToolsVersion = 6.2;
						TestTargetID = 881F328B1AD82D0300E16D5C;
					};
				};
			};
			buildConfigurationList = 881F32871AD82D0300E16D5C /* Build configuration list for PBXProject "TMDB" */;
			compatibilityVersion = "Xcode 3.2";
			developmentRegion = English;
			hasScannedForEncodings = 0;
			knownRegions = (
				en,
				Base,
			);
			mainGroup = 881F32831AD82D0300E16D5C;
			productRefGroup = 881F328D1AD82D0300E16D5C /* Products */;
			projectDirPath = "";
			projectRoot = "";
			targets = (
				881F328B1AD82D0300E16D5C /* TMDB */,
				881F32A71AD82D0300E16D5C /* TMDBTests */,
			);
		};
/* End PBXProject section */

/* Begin PBXResourcesBuildPhase section */
		881F328A1AD82D0300E16D5C /* Resources */ = {
			isa = PBXResourcesBuildPhase;
			buildActionMask = 2147483647;
			files = (
				881F329E1AD82D0300E16D5C /* Main.storyboard in Resources */,
				881F32A31AD82D0300E16D5C /* LaunchScreen.xib in Resources */,
				8870028A1AD86CA8001F2BA2 /* Podfile in Resources */,
				881F32A01AD82D0300E16D5C /* Images.xcassets in Resources */,
			);
			runOnlyForDeploymentPostprocessing = 0;
		};
		881F32A61AD82D0300E16D5C /* Resources */ = {
			isa = PBXResourcesBuildPhase;
			buildActionMask = 2147483647;
			files = (
			);
			runOnlyForDeploymentPostprocessing = 0;
		};
/* End PBXResourcesBuildPhase section */

/* Begin PBXShellScriptBuildPhase section */
		AE9394C0323347F27CA22D12 /* Copy Pods Resources */ = {
			isa = PBXShellScriptBuildPhase;
			buildActionMask = 2147483647;
			files = (
			);
			inputPaths = (
			);
			name = "Copy Pods Resources";
			outputPaths = (
			);
			runOnlyForDeploymentPostprocessing = 0;
			shellPath = /bin/sh;
			shellScript = "\"${SRCROOT}/Pods/Target Support Files/Pods-TMDB/Pods-TMDB-resources.sh\"\n";
			showEnvVarsInLog = 0;
		};
		EF2AC57311B7AE090AEA670B /* Check Pods Manifest.lock */ = {
			isa = PBXShellScriptBuildPhase;
			buildActionMask = 2147483647;
			files = (
			);
			inputPaths = (
			);
			name = "Check Pods Manifest.lock";
			outputPaths = (
			);
			runOnlyForDeploymentPostprocessing = 0;
			shellPath = /bin/sh;
			shellScript = "diff \"${PODS_ROOT}/../Podfile.lock\" \"${PODS_ROOT}/Manifest.lock\" > /dev/null\nif [[ $? != 0 ]] ; then\n    cat << EOM\nerror: The sandbox is not in sync with the Podfile.lock. Run 'pod install' or update your CocoaPods installation.\nEOM\n    exit 1\nfi\n";
			showEnvVarsInLog = 0;
		};
/* End PBXShellScriptBuildPhase section */

/* Begin PBXSourcesBuildPhase section */
		881F32881AD82D0300E16D5C /* Sources */ = {
			isa = PBXSourcesBuildPhase;
			buildActionMask = 2147483647;
			files = (
				881F32951AD82D0300E16D5C /* AppDelegate.m in Sources */,
				881F32981AD82D0300E16D5C /* TMDB.xcdatamodeld in Sources */,
				881F329B1AD82D0300E16D5C /* ViewController.m in Sources */,
				881F32921AD82D0300E16D5C /* main.m in Sources */,
			);
			runOnlyForDeploymentPostprocessing = 0;
		};
		881F32A41AD82D0300E16D5C /* Sources */ = {
			isa = PBXSourcesBuildPhase;
			buildActionMask = 2147483647;
			files = (
				881F32AF1AD82D0300E16D5C /* TMDBTests.m in Sources */,
			);
			runOnlyForDeploymentPostprocessing = 0;
		};
/* End PBXSourcesBuildPhase section */

/* Begin PBXTargetDependency section */
		881F32AA1AD82D0300E16D5C /* PBXTargetDependency */ = {
			isa = PBXTargetDependency;
			target = 881F328B1AD82D0300E16D5C /* TMDB */;
			targetProxy = 881F32A91AD82D0300E16D5C /* PBXContainerItemProxy */;
		};
/* End PBXTargetDependency section */

/* Begin PBXVariantGroup section */
		881F329C1AD82D0300E16D5C /* Main.storyboard */ = {
			isa = PBXVariantGroup;
			children = (
				881F329D1AD82D0300E16D5C /* Base */,
			);
			name = Main.storyboard;
			sourceTree = "<group>";
		};
		881F32A11AD82D0300E16D5C /* LaunchScreen.xib */ = {
			isa = PBXVariantGroup;
			children = (
				881F32A21AD82D0300E16D5C /* Base */,
			);
			name = LaunchScreen.xib;
			sourceTree = "<group>";
		};
/* End PBXVariantGroup section */

/* Begin XCBuildConfiguration section */
		881F32B01AD82D0300E16D5C /* Debug */ = {
			isa = XCBuildConfiguration;
			buildSettings = {
				ALWAYS_SEARCH_USER_PATHS = NO;
				CLANG_CXX_LANGUAGE_STANDARD = "gnu++0x";
				CLANG_CXX_LIBRARY = "libc++";
				CLANG_ENABLE_MODULES = YES;
				CLANG_ENABLE_OBJC_ARC = YES;
				CLANG_WARN_BOOL_CONVERSION = YES;
				CLANG_WARN_CONSTANT_CONVERSION = YES;
				CLANG_WARN_DIRECT_OBJC_ISA_USAGE = YES_ERROR;
				CLANG_WARN_EMPTY_BODY = YES;
				CLANG_WARN_ENUM_CONVERSION = YES;
				CLANG_WARN_INT_CONVERSION = YES;
				CLANG_WARN_OBJC_ROOT_CLASS = YES_ERROR;
				CLANG_WARN_UNREACHABLE_CODE = YES;
				CLANG_WARN__DUPLICATE_METHOD_MATCH = YES;
				"CODE_SIGN_IDENTITY[sdk=iphoneos*]" = "iPhone Developer";
				COPY_PHASE_STRIP = NO;
				ENABLE_STRICT_OBJC_MSGSEND = YES;
				GCC_C_LANGUAGE_STANDARD = gnu99;
				GCC_DYNAMIC_NO_PIC = NO;
				GCC_OPTIMIZATION_LEVEL = 0;
				GCC_PREPROCESSOR_DEFINITIONS = (
					"DEBUG=1",
					"$(inherited)",
				);
				GCC_SYMBOLS_PRIVATE_EXTERN = NO;
				GCC_WARN_64_TO_32_BIT_CONVERSION = YES;
				GCC_WARN_ABOUT_RETURN_TYPE = YES_ERROR;
				GCC_WARN_UNDECLARED_SELECTOR = YES;
				GCC_WARN_UNINITIALIZED_AUTOS = YES_AGGRESSIVE;
				GCC_WARN_UNUSED_FUNCTION = YES;
				GCC_WARN_UNUSED_VARIABLE = YES;
				IPHONEOS_DEPLOYMENT_TARGET = 8.2;
				MTL_ENABLE_DEBUG_INFO = YES;
				ONLY_ACTIVE_ARCH = YES;
				SDKROOT = iphoneos;
				TARGETED_DEVICE_FAMILY = "1,2";
			};
			name = Debug;
		};
		881F32B11AD82D0300E16D5C /* Release */ = {
			isa = XCBuildConfiguration;
			buildSettings = {
				ALWAYS_SEARCH_USER_PATHS = NO;
				CLANG_CXX_LANGUAGE_STANDARD = "gnu++0x";
				CLANG_CXX_LIBRARY = "libc++";
				CLANG_ENABLE_MODULES = YES;
				CLANG_ENABLE_OBJC_ARC = YES;
				CLANG_WARN_BOOL_CONVERSION = YES;
				CLANG_WARN_CONSTANT_CONVERSION = YES;
				CLANG_WARN_DIRECT_OBJC_ISA_USAGE = YES_ERROR;
				CLANG_WARN_EMPTY_BODY = YES;
				CLANG_WARN_ENUM_CONVERSION = YES;
				CLANG_WARN_INT_CONVERSION = YES;
				CLANG_WARN_OBJC_ROOT_CLASS = YES_ERROR;
				CLANG_WARN_UNREACHABLE_CODE = YES;
				CLANG_WARN__DUPLICATE_METHOD_MATCH = YES;
				"CODE_SIGN_IDENTITY[sdk=iphoneos*]" = "iPhone Developer";
				COPY_PHASE_STRIP = NO;
				ENABLE_NS_ASSERTIONS = NO;
				ENABLE_STRICT_OBJC_MSGSEND = YES;
				GCC_C_LANGUAGE_STANDARD = gnu99;
				GCC_WARN_64_TO_32_BIT_CONVERSION = YES;
				GCC_WARN_ABOUT_RETURN_TYPE = YES_ERROR;
				GCC_WARN_UNDECLARED_SELECTOR = YES;
				GCC_WARN_UNINITIALIZED_AUTOS = YES_AGGRESSIVE;
				GCC_WARN_UNUSED_FUNCTION = YES;
				GCC_WARN_UNUSED_VARIABLE = YES;
				IPHONEOS_DEPLOYMENT_TARGET = 8.2;
				MTL_ENABLE_DEBUG_INFO = NO;
				SDKROOT = iphoneos;
				TARGETED_DEVICE_FAMILY = "1,2";
				VALIDATE_PRODUCT = YES;
			};
			name = Release;
		};
		881F32B31AD82D0300E16D5C /* Debug */ = {
			isa = XCBuildConfiguration;
			baseConfigurationReference = 1D41E68DF8987B92398DDCCE /* Pods-TMDB.debug.xcconfig */;
			buildSettings = {
				ASSETCATALOG_COMPILER_APPICON_NAME = AppIcon;
				INFOPLIST_FILE = TMDB/Info.plist;
				IPHONEOS_DEPLOYMENT_TARGET = 7.0;
				LD_RUNPATH_SEARCH_PATHS = "$(inherited) @executable_path/Frameworks";
				PRODUCT_NAME = "$(TARGET_NAME)";
			};
			name = Debug;
		};
		881F32B41AD82D0300E16D5C /* Release */ = {
			isa = XCBuildConfiguration;
			baseConfigurationReference = 3524AF8C707DACDD30CCC86E /* Pods-TMDB.release.xcconfig */;
			buildSettings = {
				ASSETCATALOG_COMPILER_APPICON_NAME = AppIcon;
				INFOPLIST_FILE = TMDB/Info.plist;
				IPHONEOS_DEPLOYMENT_TARGET = 7.0;
				LD_RUNPATH_SEARCH_PATHS = "$(inherited) @executable_path/Frameworks";
				PRODUCT_NAME = "$(TARGET_NAME)";
			};
			name = Release;
		};
		881F32B61AD82D0300E16D5C /* Debug */ = {
			isa = XCBuildConfiguration;
			buildSettings = {
				BUNDLE_LOADER = "$(TEST_HOST)";
				FRAMEWORK_SEARCH_PATHS = (
					"$(SDKROOT)/Developer/Library/Frameworks",
					"$(inherited)",
				);
				GCC_PREPROCESSOR_DEFINITIONS = (
					"DEBUG=1",
					"$(inherited)",
				);
				INFOPLIST_FILE = TMDBTests/Info.plist;
				LD_RUNPATH_SEARCH_PATHS = "$(inherited) @executable_path/Frameworks @loader_path/Frameworks";
				PRODUCT_NAME = "$(TARGET_NAME)";
				TEST_HOST = "$(BUILT_PRODUCTS_DIR)/TMDB.app/TMDB";
			};
			name = Debug;
		};
		881F32B71AD82D0300E16D5C /* Release */ = {
			isa = XCBuildConfiguration;
			buildSettings = {
				BUNDLE_LOADER = "$(TEST_HOST)";
				FRAMEWORK_SEARCH_PATHS = (
					"$(SDKROOT)/Developer/Library/Frameworks",
					"$(inherited)",
				);
				INFOPLIST_FILE = TMDBTests/Info.plist;
				LD_RUNPATH_SEARCH_PATHS = "$(inherited) @executable_path/Frameworks @loader_path/Frameworks";
				PRODUCT_NAME = "$(TARGET_NAME)";
				TEST_HOST = "$(BUILT_PRODUCTS_DIR)/TMDB.app/TMDB";
			};
			name = Release;
		};
/* End XCBuildConfiguration section */

/* Begin XCConfigurationList section */
		881F32871AD82D0300E16D5C /* Build configuration list for PBXProject "TMDB" */ = {
			isa = XCConfigurationList;
			buildConfigurations = (
				881F32B01AD82D0300E16D5C /* Debug */,
				881F32B11AD82D0300E16D5C /* Release */,
			);
			defaultConfigurationIsVisible = 0;
			defaultConfigurationName = Release;
		};
		881F32B21AD82D0300E16D5C /* Build configuration list for PBXNativeTarget "TMDB" */ = {
			isa = XCConfigurationList;
			buildConfigurations = (
				881F32B31AD82D0300E16D5C /* Debug */,
				881F32B41AD82D0300E16D5C /* Release */,
			);
			defaultConfigurationIsVisible = 0;
			defaultConfigurationName = Release;
		};
		881F32B51AD82D0300E16D5C /* Build configuration list for PBXNativeTarget "TMDBTests" */ = {
			isa = XCConfigurationList;
			buildConfigurations = (
				881F32B61AD82D0300E16D5C /* Debug */,
				881F32B71AD82D0300E16D5C /* Release */,
			);
			defaultConfigurationIsVisible = 0;
			defaultConfigurationName = Release;
		};
/* End XCConfigurationList section */

/* Begin XCVersionGroup section */
		881F32961AD82D0300E16D5C /* TMDB.xcdatamodeld */ = {
			isa = XCVersionGroup;
			children = (
				881F32971AD82D0300E16D5C /* TMDB.xcdatamodel */,
			);
			currentVersion = 881F32971AD82D0300E16D5C /* TMDB.xcdatamodel */;
			path = TMDB.xcdatamodeld;
			sourceTree = "<group>";
			versionGroupType = wrapper.xcdatamodel;
		};
/* End XCVersionGroup section */
	};
	rootObject = 881F32841AD82D0300E16D5C /* Project object */;
}
